
Microsoft Visual Studio Solution File, Format Version 12.00
# Visual Studio Version 17
VisualStudioVersion = 17.2.32519.379
MinimumVisualStudioVersion = 10.0.40219.1
Project("{FAE04EC0-301F-11D3-BF4B-00C04F79EFBC}") = "DesignPatterns", "DesignPatterns\DesignPatterns.csproj", "{2927E57C-E524-47AA-87B1-4017598238AB}"
EndProject
Project("{FAE04EC0-301F-11D3-BF4B-00C04F79EFBC}") = "DriverProject", "DriverProject\DriverProject.csproj", "{645057F4-1272-42F9-8755-6687294540F2}"
EndProject
Global
	GlobalSection(SolutionConfigurationPlatforms) = preSolution
		Debug|Any CPU = Debug|Any CPU
		Release|Any CPU = Release|Any CPU
	EndGlobalSection
	GlobalSection(ProjectConfigurationPlatforms) = postSolution
		{2927E57C-E524-47AA-87B1-4017598238AB}.Debug|Any CPU.ActiveCfg = Debug|Any CPU
		{2927E57C-E524-47AA-87B1-4017598238AB}.Debug|Any CPU.Build.0 = Debug|Any CPU
		{2927E57C-E524-47AA-87B1-4017598238AB}.Release|Any CPU.ActiveCfg = Release|Any CPU
		{2927E57C-E524-47AA-87B1-4017598238AB}.Release|Any CPU.Build.0 = Release|Any CPU
		{645057F4-1272-42F9-8755-6687294540F2}.Debug|Any CPU.ActiveCfg = Debug|Any CPU
		{645057F4-1272-42F9-8755-6687294540F2}.Debug|Any CPU.Build.0 = Debug|Any CPU
		{645057F4-1272-42F9-8755-6687294540F2}.Release|Any CPU.ActiveCfg = Release|Any CPU
		{645057F4-1272-42F9-8755-6687294540F2}.Release|Any CPU.Build.0 = Release|Any CPU
	EndGlobalSection
	GlobalSection(SolutionProperties) = preSolution
		HideSolutionNode = FALSE
	EndGlobalSection
	GlobalSection(ExtensibilityGlobals) = postSolution
		SolutionGuid = {64BECD41-64FC-40E1-B4E6-1C6F60CF65DD}
	EndGlobalSection
EndGlobal
